PODS:
  - OverlayContainer (1.0.0)

DEPENDENCIES:
  - OverlayContainer (from `../`)

EXTERNAL SOURCES:
  OverlayContainer:
    :path: "../"

SPEC CHECKSUMS:
  OverlayContainer: 10314f21257c1f4630e025838e3ff0214413f8b2

PODFILE CHECKSUM: efc38d9f3da2bf7f56757ffe850db9ee5c85cbc7

COCOAPODS: 1.6.0.beta.1
