// !$*UTF8*$!
{
	archiveVersion = 1;
	classes = {
	};
	objectVersion = 50;
	objects = {

/* Begin PBXBuildFile section */
		E7022C91222699BD00AD86B5 /* ModalNavigationViewController.swift in Sources */ = {isa = PBXBuildFile; fileRef = E7022C90222699BD00AD86B5 /* ModalNavigationViewController.swift */; };
		E7397E7E244079C200AAAD57 /* ActivityControllerPresentationLikeViewController.swift in Sources */ = {isa = PBXBuildFile; fileRef = E7397E7D244079C200AAAD57 /* ActivityControllerPresentationLikeViewController.swift */; };
		E78485DB2201E8E900DE64C3 /* AppDelegate.swift in Sources */ = {isa = PBXBuildFile; fileRef = E78485DA2201E8E900DE64C3 /* AppDelegate.swift */; };
		E78486022201E95E00DE64C3 /* MapsLikeViewController.swift in Sources */ = {isa = PBXBuildFile; fileRef = E78485EE2201E95E00DE64C3 /* MapsLikeViewController.swift */; };
		E78486032201E95E00DE64C3 /* MapsLikeViewController.xib in Resources */ = {isa = PBXBuildFile; fileRef = E78485EF2201E95E00DE64C3 /* MapsLikeViewController.xib */; };
		E78486042201E95E00DE64C3 /* BackdropExampleViewController.swift in Sources */ = {isa = PBXBuildFile; fileRef = E78485F12201E95E00DE64C3 /* BackdropExampleViewController.swift */; };
		E78486052201E95E00DE64C3 /* SearchViewController.swift in Sources */ = {isa = PBXBuildFile; fileRef = E78485F32201E95E00DE64C3 /* SearchViewController.swift */; };
		E78486062201E95E00DE64C3 /* DetailHeaderView.xib in Resources */ = {isa = PBXBuildFile; fileRef = E78485F42201E95E00DE64C3 /* DetailHeaderView.xib */; };
		E78486072201E95E00DE64C3 /* DetailHeaderView.swift in Sources */ = {isa = PBXBuildFile; fileRef = E78485F52201E95E00DE64C3 /* DetailHeaderView.swift */; };
		E78486082201E95E00DE64C3 /* MapsViewController.swift in Sources */ = {isa = PBXBuildFile; fileRef = E78485F62201E95E00DE64C3 /* MapsViewController.swift */; };
		E784860B2201E95E00DE64C3 /* UIView+Constraints.swift in Sources */ = {isa = PBXBuildFile; fileRef = E78485FB2201E95E00DE64C3 /* UIView+Constraints.swift */; };
		E784860C2201E95E00DE64C3 /* UIViewController+Children.swift in Sources */ = {isa = PBXBuildFile; fileRef = E78485FC2201E95E00DE64C3 /* UIViewController+Children.swift */; };
		E784860D2201E95E00DE64C3 /* ShortcutsLikeViewController.swift in Sources */ = {isa = PBXBuildFile; fileRef = E78485FE2201E95E00DE64C3 /* ShortcutsLikeViewController.swift */; };
		E78486562201EAA400DE64C3 /* OverlayContainer.framework in Frameworks */ = {isa = PBXBuildFile; fileRef = E78486552201EAA400DE64C3 /* OverlayContainer.framework */; };
		E78486572201EAA400DE64C3 /* OverlayContainer.framework in Embed Frameworks */ = {isa = PBXBuildFile; fileRef = E78486552201EAA400DE64C3 /* OverlayContainer.framework */; settings = {ATTRIBUTES = (CodeSignOnCopy, RemoveHeadersOnCopy, ); }; };
		E791BAA7225F5ECB00124D27 /* ActionViewController.swift in Sources */ = {isa = PBXBuildFile; fileRef = E791BAA6225F5ECB00124D27 /* ActionViewController.swift */; };
		E791BAA9225F5F6500124D27 /* ShowOverlayExampleViewController.swift in Sources */ = {isa = PBXBuildFile; fileRef = E791BAA8225F5F6500124D27 /* ShowOverlayExampleViewController.swift */; };
		E791BAAB225F5FCD00124D27 /* ColoredViewController.swift in Sources */ = {isa = PBXBuildFile; fileRef = E791BAAA225F5FCD00124D27 /* ColoredViewController.swift */; };
		E7C4C67922256DB8009AD786 /* OverlayNavigationViewController.swift in Sources */ = {isa = PBXBuildFile; fileRef = E7C4C67822256DB8009AD786 /* OverlayNavigationViewController.swift */; };
		E7C4C67B22256F2B009AD786 /* OverlayNavigationAnimationController.swift in Sources */ = {isa = PBXBuildFile; fileRef = E7C4C67A22256F2B009AD786 /* OverlayNavigationAnimationController.swift */; };
/* End PBXBuildFile section */

/* Begin PBXCopyFilesBuildPhase section */
		E78486582201EAA400DE64C3 /* Embed Frameworks */ = {
			isa = PBXCopyFilesBuildPhase;
			buildActionMask = 2147483647;
			dstPath = "";
			dstSubfolderSpec = 10;
			files = (
				E78486572201EAA400DE64C3 /* OverlayContainer.framework in Embed Frameworks */,
			);
			name = "Embed Frameworks";
			runOnlyForDeploymentPostprocessing = 0;
		};
/* End PBXCopyFilesBuildPhase section */

/* Begin PBXFileReference section */
		E7022C90222699BD00AD86B5 /* ModalNavigationViewController.swift */ = {isa = PBXFileReference; lastKnownFileType = sourcecode.swift; path = ModalNavigationViewController.swift; sourceTree = "<group>"; };
		E7397E7D244079C200AAAD57 /* ActivityControllerPresentationLikeViewController.swift */ = {isa = PBXFileReference; lastKnownFileType = sourcecode.swift; path = ActivityControllerPresentationLikeViewController.swift; sourceTree = "<group>"; };
		E78485D72201E8E900DE64C3 /* OverlayContainer_Example.app */ = {isa = PBXFileReference; explicitFileType = wrapper.application; includeInIndex = 0; path = OverlayContainer_Example.app; sourceTree = BUILT_PRODUCTS_DIR; };
		E78485DA2201E8E900DE64C3 /* AppDelegate.swift */ = {isa = PBXFileReference; lastKnownFileType = sourcecode.swift; path = AppDelegate.swift; sourceTree = "<group>"; };
		E78485E62201E8EA00DE64C3 /* Info.plist */ = {isa = PBXFileReference; lastKnownFileType = text.plist.xml; path = Info.plist; sourceTree = "<group>"; };
		E78485EE2201E95E00DE64C3 /* MapsLikeViewController.swift */ = {isa = PBXFileReference; fileEncoding = 4; lastKnownFileType = sourcecode.swift; path = MapsLikeViewController.swift; sourceTree = "<group>"; };
		E78485EF2201E95E00DE64C3 /* MapsLikeViewController.xib */ = {isa = PBXFileReference; fileEncoding = 4; lastKnownFileType = file.xib; path = MapsLikeViewController.xib; sourceTree = "<group>"; };
		E78485F12201E95E00DE64C3 /* BackdropExampleViewController.swift */ = {isa = PBXFileReference; fileEncoding = 4; lastKnownFileType = sourcecode.swift; path = BackdropExampleViewController.swift; sourceTree = "<group>"; };
		E78485F32201E95E00DE64C3 /* SearchViewController.swift */ = {isa = PBXFileReference; fileEncoding = 4; lastKnownFileType = sourcecode.swift; path = SearchViewController.swift; sourceTree = "<group>"; };
		E78485F42201E95E00DE64C3 /* DetailHeaderView.xib */ = {isa = PBXFileReference; fileEncoding = 4; lastKnownFileType = file.xib; path = DetailHeaderView.xib; sourceTree = "<group>"; };
		E78485F52201E95E00DE64C3 /* DetailHeaderView.swift */ = {isa = PBXFileReference; fileEncoding = 4; lastKnownFileType = sourcecode.swift; path = DetailHeaderView.swift; sourceTree = "<group>"; };
		E78485F62201E95E00DE64C3 /* MapsViewController.swift */ = {isa = PBXFileReference; fileEncoding = 4; lastKnownFileType = sourcecode.swift; path = MapsViewController.swift; sourceTree = "<group>"; };
		E78485F92201E95E00DE64C3 /* Base */ = {isa = PBXFileReference; lastKnownFileType = file.xib; name = Base; path = Base.lproj/LaunchScreen.xib; sourceTree = "<group>"; };
		E78485FB2201E95E00DE64C3 /* UIView+Constraints.swift */ = {isa = PBXFileReference; fileEncoding = 4; lastKnownFileType = sourcecode.swift; path = "UIView+Constraints.swift"; sourceTree = "<group>"; };
		E78485FC2201E95E00DE64C3 /* UIViewController+Children.swift */ = {isa = PBXFileReference; fileEncoding = 4; lastKnownFileType = sourcecode.swift; path = "UIViewController+Children.swift"; sourceTree = "<group>"; };
		E78485FE2201E95E00DE64C3 /* ShortcutsLikeViewController.swift */ = {isa = PBXFileReference; fileEncoding = 4; lastKnownFileType = sourcecode.swift; path = ShortcutsLikeViewController.swift; sourceTree = "<group>"; };
		E78486552201EAA400DE64C3 /* OverlayContainer.framework */ = {isa = PBXFileReference; explicitFileType = wrapper.framework; path = OverlayContainer.framework; sourceTree = BUILT_PRODUCTS_DIR; };
		E791BAA6225F5ECB00124D27 /* ActionViewController.swift */ = {isa = PBXFileReference; lastKnownFileType = sourcecode.swift; path = ActionViewController.swift; sourceTree = "<group>"; };
		E791BAA8225F5F6500124D27 /* ShowOverlayExampleViewController.swift */ = {isa = PBXFileReference; lastKnownFileType = sourcecode.swift; path = ShowOverlayExampleViewController.swift; sourceTree = "<group>"; };
		E791BAAA225F5FCD00124D27 /* ColoredViewController.swift */ = {isa = PBXFileReference; lastKnownFileType = sourcecode.swift; path = ColoredViewController.swift; sourceTree = "<group>"; };
		E7C4C67822256DB8009AD786 /* OverlayNavigationViewController.swift */ = {isa = PBXFileReference; lastKnownFileType = sourcecode.swift; path = OverlayNavigationViewController.swift; sourceTree = "<group>"; };
		E7C4C67A22256F2B009AD786 /* OverlayNavigationAnimationController.swift */ = {isa = PBXFileReference; lastKnownFileType = sourcecode.swift; path = OverlayNavigationAnimationController.swift; sourceTree = "<group>"; };
/* End PBXFileReference section */

/* Begin PBXFrameworksBuildPhase section */
		E78485D42201E8E900DE64C3 /* Frameworks */ = {
			isa = PBXFrameworksBuildPhase;
			buildActionMask = 2147483647;
			files = (
				E78486562201EAA400DE64C3 /* OverlayContainer.framework in Frameworks */,
			);
			runOnlyForDeploymentPostprocessing = 0;
		};
/* End PBXFrameworksBuildPhase section */

/* Begin PBXGroup section */
		E7022C8F2226983A00AD86B5 /* Navigation */ = {
			isa = PBXGroup;
			children = (
				E7C4C67822256DB8009AD786 /* OverlayNavigationViewController.swift */,
				E7C4C67A22256F2B009AD786 /* OverlayNavigationAnimationController.swift */,
			);
			path = Navigation;
			sourceTree = "<group>";
		};
		E7397E7C2440798400AAAD57 /* Present Overlay */ = {
			isa = PBXGroup;
			children = (
				E7397E7D244079C200AAAD57 /* ActivityControllerPresentationLikeViewController.swift */,
			);
			path = "Present Overlay";
			sourceTree = "<group>";
		};
		E78485CE2201E8E900DE64C3 = {
			isa = PBXGroup;
			children = (
				E78486552201EAA400DE64C3 /* OverlayContainer.framework */,
				E78485D92201E8E900DE64C3 /* OverlayContainer_Example */,
				E78485D82201E8E900DE64C3 /* Products */,
			);
			sourceTree = "<group>";
		};
		E78485D82201E8E900DE64C3 /* Products */ = {
			isa = PBXGroup;
			children = (
				E78485D72201E8E900DE64C3 /* OverlayContainer_Example.app */,
			);
			name = Products;
			sourceTree = "<group>";
		};
		E78485D92201E8E900DE64C3 /* OverlayContainer_Example */ = {
			isa = PBXGroup;
			children = (
				E7397E7C2440798400AAAD57 /* Present Overlay */,
				E791BAA5225F5E8800124D27 /* Disable Notch */,
				E7C4C67722256D93009AD786 /* Modal Navigation */,
				E78485ED2201E95E00DE64C3 /* Maps */,
				E78485F02201E95E00DE64C3 /* Backdrop */,
				E78485F22201E95E00DE64C3 /* Shared */,
				E78485F82201E95E00DE64C3 /* LaunchScreen.xib */,
				E78485FA2201E95E00DE64C3 /* Extensions */,
				E78485FD2201E95E00DE64C3 /* Shortcuts */,
				E78485DA2201E8E900DE64C3 /* AppDelegate.swift */,
				E78485E62201E8EA00DE64C3 /* Info.plist */,
			);
			path = OverlayContainer_Example;
			sourceTree = "<group>";
		};
		E78485ED2201E95E00DE64C3 /* Maps */ = {
			isa = PBXGroup;
			children = (
				E78485EE2201E95E00DE64C3 /* MapsLikeViewController.swift */,
				E78485EF2201E95E00DE64C3 /* MapsLikeViewController.xib */,
			);
			path = Maps;
			sourceTree = "<group>";
		};
		E78485F02201E95E00DE64C3 /* Backdrop */ = {
			isa = PBXGroup;
			children = (
				E78485F12201E95E00DE64C3 /* BackdropExampleViewController.swift */,
			);
			path = Backdrop;
			sourceTree = "<group>";
		};
		E78485F22201E95E00DE64C3 /* Shared */ = {
			isa = PBXGroup;
			children = (
				E78485F32201E95E00DE64C3 /* SearchViewController.swift */,
				E78485F42201E95E00DE64C3 /* DetailHeaderView.xib */,
				E78485F52201E95E00DE64C3 /* DetailHeaderView.swift */,
				E78485F62201E95E00DE64C3 /* MapsViewController.swift */,
				E791BAAA225F5FCD00124D27 /* ColoredViewController.swift */,
			);
			path = Shared;
			sourceTree = "<group>";
		};
		E78485FA2201E95E00DE64C3 /* Extensions */ = {
			isa = PBXGroup;
			children = (
				E78485FB2201E95E00DE64C3 /* UIView+Constraints.swift */,
				E78485FC2201E95E00DE64C3 /* UIViewController+Children.swift */,
			);
			path = Extensions;
			sourceTree = "<group>";
		};
		E78485FD2201E95E00DE64C3 /* Shortcuts */ = {
			isa = PBXGroup;
			children = (
				E78485FE2201E95E00DE64C3 /* ShortcutsLikeViewController.swift */,
			);
			path = Shortcuts;
			sourceTree = "<group>";
		};
		E791BAA5225F5E8800124D27 /* Disable Notch */ = {
			isa = PBXGroup;
			children = (
				E791BAA6225F5ECB00124D27 /* ActionViewController.swift */,
				E791BAA8225F5F6500124D27 /* ShowOverlayExampleViewController.swift */,
			);
			path = "Disable Notch";
			sourceTree = "<group>";
		};
		E7C4C67722256D93009AD786 /* Modal Navigation */ = {
			isa = PBXGroup;
			children = (
				E7022C90222699BD00AD86B5 /* ModalNavigationViewController.swift */,
				E7022C8F2226983A00AD86B5 /* Navigation */,
			);
			path = "Modal Navigation";
			sourceTree = "<group>";
		};
/* End PBXGroup section */

/* Begin PBXNativeTarget section */
		E78485D62201E8E900DE64C3 /* OverlayContainer_Example */ = {
			isa = PBXNativeTarget;
			buildConfigurationList = E78485E92201E8EA00DE64C3 /* Build configuration list for PBXNativeTarget "OverlayContainer_Example" */;
			buildPhases = (
				E78485D32201E8E900DE64C3 /* Sources */,
				E78485D42201E8E900DE64C3 /* Frameworks */,
				E78485D52201E8E900DE64C3 /* Resources */,
				E78486582201EAA400DE64C3 /* Embed Frameworks */,
			);
			buildRules = (
			);
			dependencies = (
			);
			name = OverlayContainer_Example;
			productName = OverlayContainer_Example;
			productReference = E78485D72201E8E900DE64C3 /* OverlayContainer_Example.app */;
			productType = "com.apple.product-type.application";
		};
/* End PBXNativeTarget section */

/* Begin PBXProject section */
		E78485CF2201E8E900DE64C3 /* Project object */ = {
			isa = PBXProject;
			attributes = {
				LastSwiftUpdateCheck = 1010;
				LastUpgradeCheck = 1010;
				ORGANIZATIONNAME = "Gaétan Zanella";
				TargetAttributes = {
					E78485D62201E8E900DE64C3 = {
						CreatedOnToolsVersion = 10.1;
					};
				};
			};
			buildConfigurationList = E78485D22201E8E900DE64C3 /* Build configuration list for PBXProject "OverlayContainer_Example" */;
			compatibilityVersion = "Xcode 9.3";
			developmentRegion = en;
			hasScannedForEncodings = 0;
			knownRegions = (
				en,
				Base,
			);
			mainGroup = E78485CE2201E8E900DE64C3;
			productRefGroup = E78485D82201E8E900DE64C3 /* Products */;
			projectDirPath = "";
			projectRoot = "";
			targets = (
				E78485D62201E8E900DE64C3 /* OverlayContainer_Example */,
			);
		};
/* End PBXProject section */

/* Begin PBXResourcesBuildPhase section */
		E78485D52201E8E900DE64C3 /* Resources */ = {
			isa = PBXResourcesBuildPhase;
			buildActionMask = 2147483647;
			files = (
				E78486062201E95E00DE64C3 /* DetailHeaderView.xib in Resources */,
				E78486032201E95E00DE64C3 /* MapsLikeViewController.xib in Resources */,
			);
			runOnlyForDeploymentPostprocessing = 0;
		};
/* End PBXResourcesBuildPhase section */

/* Begin PBXSourcesBuildPhase section */
		E78485D32201E8E900DE64C3 /* Sources */ = {
			isa = PBXSourcesBuildPhase;
			buildActionMask = 2147483647;
			files = (
				E78486022201E95E00DE64C3 /* MapsLikeViewController.swift in Sources */,
				E784860C2201E95E00DE64C3 /* UIViewController+Children.swift in Sources */,
				E7397E7E244079C200AAAD57 /* ActivityControllerPresentationLikeViewController.swift in Sources */,
				E78486042201E95E00DE64C3 /* BackdropExampleViewController.swift in Sources */,
				E791BAA7225F5ECB00124D27 /* ActionViewController.swift in Sources */,
				E78486052201E95E00DE64C3 /* SearchViewController.swift in Sources */,
				E7C4C67922256DB8009AD786 /* OverlayNavigationViewController.swift in Sources */,
				E78486082201E95E00DE64C3 /* MapsViewController.swift in Sources */,
				E791BAA9225F5F6500124D27 /* ShowOverlayExampleViewController.swift in Sources */,
				E7022C91222699BD00AD86B5 /* ModalNavigationViewController.swift in Sources */,
				E791BAAB225F5FCD00124D27 /* ColoredViewController.swift in Sources */,
				E78485DB2201E8E900DE64C3 /* AppDelegate.swift in Sources */,
				E78486072201E95E00DE64C3 /* DetailHeaderView.swift in Sources */,
				E784860B2201E95E00DE64C3 /* UIView+Constraints.swift in Sources */,
				E784860D2201E95E00DE64C3 /* ShortcutsLikeViewController.swift in Sources */,
				E7C4C67B22256F2B009AD786 /* OverlayNavigationAnimationController.swift in Sources */,
			);
			runOnlyForDeploymentPostprocessing = 0;
		};
/* End PBXSourcesBuildPhase section */

/* Begin PBXVariantGroup section */
		E78485F82201E95E00DE64C3 /* LaunchScreen.xib */ = {
			isa = PBXVariantGroup;
			children = (
				E78485F92201E95E00DE64C3 /* Base */,
			);
			name = LaunchScreen.xib;
			sourceTree = "<group>";
		};
/* End PBXVariantGroup section */

/* Begin XCBuildConfiguration section */
		E78485E72201E8EA00DE64C3 /* Debug */ = {
			isa = XCBuildConfiguration;
			buildSettings = {
				ALWAYS_SEARCH_USER_PATHS = NO;
				CLANG_ANALYZER_NONNULL = YES;
				CLANG_ANALYZER_NUMBER_OBJECT_CONVERSION = YES_AGGRESSIVE;
				CLANG_CXX_LANGUAGE_STANDARD = "gnu++14";
				CLANG_CXX_LIBRARY = "libc++";
				CLANG_ENABLE_MODULES = YES;
				CLANG_ENABLE_OBJC_ARC = YES;
				CLANG_ENABLE_OBJC_WEAK = YES;
				CLANG_WARN_BLOCK_CAPTURE_AUTORELEASING = YES;
				CLANG_WARN_BOOL_CONVERSION = YES;
				CLANG_WARN_COMMA = YES;
				CLANG_WARN_CONSTANT_CONVERSION = YES;
				CLANG_WARN_DEPRECATED_OBJC_IMPLEMENTATIONS = YES;
				CLANG_WARN_DIRECT_OBJC_ISA_USAGE = YES_ERROR;
				CLANG_WARN_DOCUMENTATION_COMMENTS = YES;
				CLANG_WARN_EMPTY_BODY = YES;
				CLANG_WARN_ENUM_CONVERSION = YES;
				CLANG_WARN_INFINITE_RECURSION = YES;
				CLANG_WARN_INT_CONVERSION = YES;
				CLANG_WARN_NON_LITERAL_NULL_CONVERSION = YES;
				CLANG_WARN_OBJC_IMPLICIT_RETAIN_SELF = YES;
				CLANG_WARN_OBJC_LITERAL_CONVERSION = YES;
				CLANG_WARN_OBJC_ROOT_CLASS = YES_ERROR;
				CLANG_WARN_RANGE_LOOP_ANALYSIS = YES;
				CLANG_WARN_STRICT_PROTOTYPES = YES;
				CLANG_WARN_SUSPICIOUS_MOVE = YES;
				CLANG_WARN_UNGUARDED_AVAILABILITY = YES_AGGRESSIVE;
				CLANG_WARN_UNREACHABLE_CODE = YES;
				CLANG_WARN__DUPLICATE_METHOD_MATCH = YES;
				CODE_SIGN_IDENTITY = "iPhone Developer";
				COPY_PHASE_STRIP = NO;
				DEBUG_INFORMATION_FORMAT = dwarf;
				ENABLE_STRICT_OBJC_MSGSEND = YES;
				ENABLE_TESTABILITY = YES;
				GCC_C_LANGUAGE_STANDARD = gnu11;
				GCC_DYNAMIC_NO_PIC = NO;
				GCC_NO_COMMON_BLOCKS = YES;
				GCC_OPTIMIZATION_LEVEL = 0;
				GCC_PREPROCESSOR_DEFINITIONS = (
					"DEBUG=1",
					"$(inherited)",
				);
				GCC_WARN_64_TO_32_BIT_CONVERSION = YES;
				GCC_WARN_ABOUT_RETURN_TYPE = YES_ERROR;
				GCC_WARN_UNDECLARED_SELECTOR = YES;
				GCC_WARN_UNINITIALIZED_AUTOS = YES_AGGRESSIVE;
				GCC_WARN_UNUSED_FUNCTION = YES;
				GCC_WARN_UNUSED_VARIABLE = YES;
				IPHONEOS_DEPLOYMENT_TARGET = 12.1;
				MTL_ENABLE_DEBUG_INFO = INCLUDE_SOURCE;
				MTL_FAST_MATH = YES;
				ONLY_ACTIVE_ARCH = YES;
				SDKROOT = iphoneos;
				SWIFT_ACTIVE_COMPILATION_CONDITIONS = DEBUG;
				SWIFT_OPTIMIZATION_LEVEL = "-Onone";
				SWIFT_VERSION = 5.0;
			};
			name = Debug;
		};
		E78485E82201E8EA00DE64C3 /* Release */ = {
			isa = XCBuildConfiguration;
			buildSettings = {
				ALWAYS_SEARCH_USER_PATHS = NO;
				CLANG_ANALYZER_NONNULL = YES;
				CLANG_ANALYZER_NUMBER_OBJECT_CONVERSION = YES_AGGRESSIVE;
				CLANG_CXX_LANGUAGE_STANDARD = "gnu++14";
				CLANG_CXX_LIBRARY = "libc++";
				CLANG_ENABLE_MODULES = YES;
				CLANG_ENABLE_OBJC_ARC = YES;
				CLANG_ENABLE_OBJC_WEAK = YES;
				CLANG_WARN_BLOCK_CAPTURE_AUTORELEASING = YES;
				CLANG_WARN_BOOL_CONVERSION = YES;
				CLANG_WARN_COMMA = YES;
				CLANG_WARN_CONSTANT_CONVERSION = YES;
				CLANG_WARN_DEPRECATED_OBJC_IMPLEMENTATIONS = YES;
				CLANG_WARN_DIRECT_OBJC_ISA_USAGE = YES_ERROR;
				CLANG_WARN_DOCUMENTATION_COMMENTS = YES;
				CLANG_WARN_EMPTY_BODY = YES;
				CLANG_WARN_ENUM_CONVERSION = YES;
				CLANG_WARN_INFINITE_RECURSION = YES;
				CLANG_WARN_INT_CONVERSION = YES;
				CLANG_WARN_NON_LITERAL_NULL_CONVERSION = YES;
				CLANG_WARN_OBJC_IMPLICIT_RETAIN_SELF = YES;
				CLANG_WARN_OBJC_LITERAL_CONVERSION = YES;
				CLANG_WARN_OBJC_ROOT_CLASS = YES_ERROR;
				CLANG_WARN_RANGE_LOOP_ANALYSIS = YES;
				CLANG_WARN_STRICT_PROTOTYPES = YES;
				CLANG_WARN_SUSPICIOUS_MOVE = YES;
				CLANG_WARN_UNGUARDED_AVAILABILITY = YES_AGGRESSIVE;
				CLANG_WARN_UNREACHABLE_CODE = YES;
				CLANG_WARN__DUPLICATE_METHOD_MATCH = YES;
				CODE_SIGN_IDENTITY = "iPhone Developer";
				COPY_PHASE_STRIP = NO;
				DEBUG_INFORMATION_FORMAT = "dwarf-with-dsym";
				ENABLE_NS_ASSERTIONS = NO;
				ENABLE_STRICT_OBJC_MSGSEND = YES;
				GCC_C_LANGUAGE_STANDARD = gnu11;
				GCC_NO_COMMON_BLOCKS = YES;
				GCC_WARN_64_TO_32_BIT_CONVERSION = YES;
				GCC_WARN_ABOUT_RETURN_TYPE = YES_ERROR;
				GCC_WARN_UNDECLARED_SELECTOR = YES;
				GCC_WARN_UNINITIALIZED_AUTOS = YES_AGGRESSIVE;
				GCC_WARN_UNUSED_FUNCTION = YES;
				GCC_WARN_UNUSED_VARIABLE = YES;
				IPHONEOS_DEPLOYMENT_TARGET = 12.1;
				MTL_ENABLE_DEBUG_INFO = NO;
				MTL_FAST_MATH = YES;
				SDKROOT = iphoneos;
				SWIFT_COMPILATION_MODE = wholemodule;
				SWIFT_OPTIMIZATION_LEVEL = "-O";
				SWIFT_VERSION = 5.0;
				VALIDATE_PRODUCT = YES;
			};
			name = Release;
		};
		E78485EA2201E8EA00DE64C3 /* Debug */ = {
			isa = XCBuildConfiguration;
			buildSettings = {
				CODE_SIGN_STYLE = Automatic;
				DEVELOPMENT_TEAM = C7G63Q6LZ9;
				INFOPLIST_FILE = OverlayContainer_Example/Info.plist;
				IPHONEOS_DEPLOYMENT_TARGET = 13.0;
				LD_RUNPATH_SEARCH_PATHS = (
					"$(inherited)",
					"@executable_path/Frameworks",
				);
				PRODUCT_BUNDLE_IDENTIFIER = "com.gaetanzanella.OverlayContainer-Example";
				PRODUCT_NAME = "$(TARGET_NAME)";
				SWIFT_VERSION = 5.0;
				TARGETED_DEVICE_FAMILY = "1,2";
			};
			name = Debug;
		};
		E78485EB2201E8EA00DE64C3 /* Release */ = {
			isa = XCBuildConfiguration;
			buildSettings = {
				CODE_SIGN_STYLE = Automatic;
				DEVELOPMENT_TEAM = C7G63Q6LZ9;
				INFOPLIST_FILE = OverlayContainer_Example/Info.plist;
				IPHONEOS_DEPLOYMENT_TARGET = 13.0;
				LD_RUNPATH_SEARCH_PATHS = (
					"$(inherited)",
					"@executable_path/Frameworks",
				);
				PRODUCT_BUNDLE_IDENTIFIER = "com.gaetanzanella.OverlayContainer-Example";
				PRODUCT_NAME = "$(TARGET_NAME)";
				SWIFT_VERSION = 5.0;
				TARGETED_DEVICE_FAMILY = "1,2";
			};
			name = Release;
		};
/* End XCBuildConfiguration section */

/* Begin XCConfigurationList section */
		E78485D22201E8E900DE64C3 /* Build configuration list for PBXProject "OverlayContainer_Example" */ = {
			isa = XCConfigurationList;
			buildConfigurations = (
				E78485E72201E8EA00DE64C3 /* Debug */,
				E78485E82201E8EA00DE64C3 /* Release */,
			);
			defaultConfigurationIsVisible = 0;
			defaultConfigurationName = Release;
		};
		E78485E92201E8EA00DE64C3 /* Build configuration list for PBXNativeTarget "OverlayContainer_Example" */ = {
			isa = XCConfigurationList;
			buildConfigurations = (
				E78485EA2201E8EA00DE64C3 /* Debug */,
				E78485EB2201E8EA00DE64C3 /* Release */,
			);
			defaultConfigurationIsVisible = 0;
			defaultConfigurationName = Release;
		};
/* End XCConfigurationList section */
	};
	rootObject = E78485CF2201E8E900DE64C3 /* Project object */;
}
